{
    "_readme": [
        "This file locks the dependencies of your project to a known state",
        "Read more about it at https://getcomposer.org/doc/01-basic-usage.md#composer-lock-the-lock-file",
        "This file is @generated automatically"
    ],
    "hash": "edd65c9db0e42cb1e2c6902705587aed",
    "content-hash": "b76c71e68de2f8f6df412d125ded486a",
    "packages": [
        {
            "name": "contentasaurus/lightncandy",
            "version": "dev-master",
            "source": {
                "type": "git",
                "url": "https://github.com/contentasaurus/lightncandy.git",
                "reference": "3df10d5a6de83ad1de20a340937bfcc00f62efd5"
            },
            "dist": {
                "type": "zip",
                "url": "https://api.github.com/repos/contentasaurus/lightncandy/zipball/3df10d5a6de83ad1de20a340937bfcc00f62efd5",
                "reference": "3df10d5a6de83ad1de20a340937bfcc00f62efd5",
                "shasum": ""
            },
            "require": {
                "php": ">=5.4.0"
            },
            "require-dev": {
                "phpunit/phpunit": "4.0.17"
            },
            "type": "library",
            "extra": {
                "branch-alias": {
                    "dev-master": "1.0.0-dev"
                }
            },
            "autoload": {
                "psr-4": {
                    "LightnCandy\\": "src"
                }
            },
            "notification-url": "https://packagist.org/downloads/",
            "license": [
                "MIT"
            ],
            "authors": [
                {
                    "name": "Zordius Chen",
                    "email": "zordius@yahoo-inc.com"
                }
            ],
            "description": "An extremely fast PHP implementation of handlebars ( http://handlebarsjs.com/ ) and mustache ( http://mustache.github.io/ ). This package forked from Zordius/LightnCandy.",
            "homepage": "https://github.com/zordius/lightncandy",
            "keywords": [
                "handlebars",
                "logicless",
                "mustache",
                "php",
                "template"
            ],
            "time": "2016-10-15 04:25:00"
        },
        {
            "name": "contentasaurus/puffin-feather",
            "version": "v1.0.1",
            "source": {
                "type": "git",
                "url": "https://github.com/contentasaurus/puffin-feather.git",
                "reference": "d8d8d48ce3464eb4dd3b2b191197f0b535522b09"
            },
            "dist": {
                "type": "zip",
                "url": "https://api.github.com/repos/contentasaurus/puffin-feather/zipball/d8d8d48ce3464eb4dd3b2b191197f0b535522b09",
                "reference": "d8d8d48ce3464eb4dd3b2b191197f0b535522b09",
                "shasum": ""
            },
            "type": "library",
            "autoload": {
                "psr-4": {
                    "feather\\": "src/"
                }
            },
            "notification-url": "https://packagist.org/downloads/",
            "license": [
                "MIT"
            ],
            "description": "A very small, very lightweight, unit testing framework",
            "time": "2016-10-15 04:22:37"
        },
        {
            "name": "contentasaurus/puffin-framework",
            "version": "v1.0.2",
            "source": {
                "type": "git",
                "url": "https://github.com/contentasaurus/puffin-framework.git",
                "reference": "45089695e94644b79d89ce0f7df6b79aae6d1fca"
            },
            "dist": {
                "type": "zip",
                "url": "https://api.github.com/repos/contentasaurus/puffin-framework/zipball/45089695e94644b79d89ce0f7df6b79aae6d1fca",
                "reference": "45089695e94644b79d89ce0f7df6b79aae6d1fca",
                "shasum": ""
            },
            "require": {
                "contentasaurus/lightncandy": "dev-master",
                "mustache/mustache": "~2.7",
                "phroute/phroute": "~2.0"
            },
            "type": "library",
            "autoload": {
                "psr-4": {
                    "puffin\\": "src/"
                }
            },
            "notification-url": "https://packagist.org/downloads/",
            "license": [
                "MIT"
            ],
            "description": "A nice MVC framework, made by nice people.",
            "time": "2017-03-24 16:04:43"
        },
        {
            "name": "mustache/mustache",
            "version": "v2.11.1",
            "source": {
                "type": "git",
                "url": "https://github.com/bobthecow/mustache.php.git",
                "reference": "a3f6d55996dd28b58f3a909d474189a3c1aa693f"
            },
            "dist": {
                "type": "zip",
                "url": "https://api.github.com/repos/bobthecow/mustache.php/zipball/a3f6d55996dd28b58f3a909d474189a3c1aa693f",
                "reference": "a3f6d55996dd28b58f3a909d474189a3c1aa693f",
                "shasum": ""
            },
            "require": {
                "php": ">=5.2.4"
            },
            "require-dev": {
                "friendsofphp/php-cs-fixer": "~1.11",
                "phpunit/phpunit": "~3.7|~4.0|~5.0"
            },
            "type": "library",
            "autoload": {
                "psr-0": {
                    "Mustache": "src/"
                }
            },
            "notification-url": "https://packagist.org/downloads/",
            "license": [
                "MIT"
            ],
            "authors": [
                {
                    "name": "Justin Hileman",
                    "email": "justin@justinhileman.info",
                    "homepage": "http://justinhileman.com"
                }
            ],
            "description": "A Mustache implementation in PHP.",
            "homepage": "https://github.com/bobthecow/mustache.php",
            "keywords": [
                "mustache",
                "templating"
            ],
            "time": "2016-07-31 06:18:27"
        },
        {
            "name": "phroute/phroute",
            "version": "v2.1.0",
            "source": {
                "type": "git",
                "url": "https://github.com/mrjgreen/phroute.git",
                "reference": "dbe2b986f9ee1dd33dc956fcc35d1fa22e8e196c"
            },
            "dist": {
                "type": "zip",
                "url": "https://api.github.com/repos/mrjgreen/phroute/zipball/dbe2b986f9ee1dd33dc956fcc35d1fa22e8e196c",
                "reference": "dbe2b986f9ee1dd33dc956fcc35d1fa22e8e196c",
                "shasum": ""
            },
            "require": {
                "php": ">=5.4.0"
            },
            "require-dev": {
                "phpunit/phpunit": "*",
                "satooshi/php-coveralls": "dev-master"
            },
            "type": "library",
            "autoload": {
                "psr-4": {
                    "Phroute\\Phroute\\": "src/Phroute"
                }
            },
            "notification-url": "https://packagist.org/downloads/",
            "license": [
                "BSD-3-Clause"
            ],
            "authors": [
                {
                    "name": "Joe Green",
                    "email": "joe.green.0991@gmail.com"
                }
            ],
            "description": "Fast, fully featured restful request router for PHP",
            "keywords": [
                "router",
                "routing"
            ],
            "time": "2015-07-22 20:46:43"
        }
    ],
    "packages-dev": [],
    "aliases": [],
    "minimum-stability": "dev",
    "stability-flags": [],
    "prefer-stable": false,
    "prefer-lowest": false,
    "platform": [],
    "platform-dev": []
}
